// !$*UTF8*$!
{
	archiveVersion = 1;
	classes = {
	};
	objectVersion = 46;
	objects = {

/* Begin PBXBuildFile section */
		F87DF0AB1910465F009B2121 /* Foundation.framework in Frameworks */ = {isa = PBXBuildFile; fileRef = F87DF0AA1910465F009B2121 /* Foundation.framework */; };
		F87DF0AD1910465F009B2121 /* CoreGraphics.framework in Frameworks */ = {isa = PBXBuildFile; fileRef = F87DF0AC1910465F009B2121 /* CoreGraphics.framework */; };
		F87DF0AF1910465F009B2121 /* UIKit.framework in Frameworks */ = {isa = PBXBuildFile; fileRef = F87DF0AE1910465F009B2121 /* UIKit.framework */; };
		F87DF0B51910465F009B2121 /* InfoPlist.strings in Resources */ = {isa = PBXBuildFile; fileRef = F87DF0B31910465F009B2121 /* InfoPlist.strings */; };
		F87DF0B71910465F009B2121 /* main.m in Sources */ = {isa = PBXBuildFile; fileRef = F87DF0B61910465F009B2121 /* main.m */; };
		F87DF0BB1910465F009B2121 /* MRAppDelegate.m in Sources */ = {isa = PBXBuildFile; fileRef = F87DF0BA1910465F009B2121 /* MRAppDelegate.m */; };
		F87DF0BE1910465F009B2121 /* Main.storyboard in Resources */ = {isa = PBXBuildFile; fileRef = F87DF0BC1910465F009B2121 /* Main.storyboard */; };
		F87DF0C11910465F009B2121 /* MRViewController.m in Sources */ = {isa = PBXBuildFile; fileRef = F87DF0C01910465F009B2121 /* MRViewController.m */; };
		F87DF0C31910465F009B2121 /* Images.xcassets in Resources */ = {isa = PBXBuildFile; fileRef = F87DF0C21910465F009B2121 /* Images.xcassets */; };
		F87DF0CA1910465F009B2121 /* XCTest.framework in Frameworks */ = {isa = PBXBuildFile; fileRef = F87DF0C91910465F009B2121 /* XCTest.framework */; };
		F87DF0CB1910465F009B2121 /* Foundation.framework in Frameworks */ = {isa = PBXBuildFile; fileRef = F87DF0AA1910465F009B2121 /* Foundation.framework */; };
		F87DF0CC1910465F009B2121 /* UIKit.framework in Frameworks */ = {isa = PBXBuildFile; fileRef = F87DF0AE1910465F009B2121 /* UIKit.framework */; };
		F87DF0D41910465F009B2121 /* InfoPlist.strings in Resources */ = {isa = PBXBuildFile; fileRef = F87DF0D21910465F009B2121 /* InfoPlist.strings */; };
		F87DF0D61910465F009B2121 /* Git_TestTests.m in Sources */ = {isa = PBXBuildFile; fileRef = F87DF0D51910465F009B2121 /* Git_TestTests.m */; };
/* End PBXBuildFile section */

/* Begin PBXContainerItemProxy section */
		F87DF0CD1910465F009B2121 /* PBXContainerItemProxy */ = {
			isa = PBXContainerItemProxy;
			containerPortal = F87DF09F1910465F009B2121 /* Project object */;
			proxyType = 1;
			remoteGlobalIDString = F87DF0A61910465F009B2121;
			remoteInfo = "Git Test";
		};
/* End PBXContainerItemProxy section */

/* Begin PBXFileReference section */
		F87DF0A71910465F009B2121 /* Git Test.app */ = {isa = PBXFileReference; explicitFileType = wrapper.application; includeInIndex = 0; path = "Git Test.app"; sourceTree = BUILT_PRODUCTS_DIR; };
		F87DF0AA1910465F009B2121 /* Foundation.framework */ = {isa = PBXFileReference; lastKnownFileType = wrapper.framework; name = Foundation.framework; path = System/Library/Frameworks/Foundation.framework; sourceTree = SDKROOT; };
		F87DF0AC1910465F009B2121 /* CoreGraphics.framework */ = {isa = PBXFileReference; lastKnownFileType = wrapper.framework; name = CoreGraphics.framework; path = System/Library/Frameworks/CoreGraphics.framework; sourceTree = SDKROOT; };
		F87DF0AE1910465F009B2121 /* UIKit.framework */ = {isa = PBXFileReference; lastKnownFileType = wrapper.framework; name = UIKit.framework; path = System/Library/Frameworks/UIKit.framework; sourceTree = SDKROOT; };
		F87DF0B21910465F009B2121 /* Git Test-Info.plist */ = {isa = PBXFileReference; lastKnownFileType = text.plist.xml; path = "Git Test-Info.plist"; sourceTree = "<group>"; };
		F87DF0B41910465F009B2121 /* en */ = {isa = PBXFileReference; lastKnownFileType = text.plist.strings; name = en; path = en.lproj/InfoPlist.strings; sourceTree = "<group>"; };
		F87DF0B61910465F009B2121 /* main.m */ = {isa = PBXFileReference; lastKnownFileType = sourcecode.c.objc; path = main.m; sourceTree = "<group>"; };
		F87DF0B81910465F009B2121 /* Git Test-Prefix.pch */ = {isa = PBXFileReference; lastKnownFileType = sourcecode.c.h; path = "Git Test-Prefix.pch"; sourceTree = "<group>"; };
		F87DF0B91910465F009B2121 /* MRAppDelegate.h */ = {isa = PBXFileReference; lastKnownFileType = sourcecode.c.h; path = MRAppDelegate.h; sourceTree = "<group>"; };
		F87DF0BA1910465F009B2121 /* MRAppDelegate.m */ = {isa = PBXFileReference; lastKnownFileType = sourcecode.c.objc; path = MRAppDelegate.m; sourceTree = "<group>"; };
		F87DF0BD1910465F009B2121 /* Base */ = {isa = PBXFileReference; lastKnownFileType = file.storyboard; name = Base; path = Base.lproj/Main.storyboard; sourceTree = "<group>"; };
		F87DF0BF1910465F009B2121 /* MRViewController.h */ = {isa = PBXFileReference; lastKnownFileType = sourcecode.c.h; path = MRViewController.h; sourceTree = "<group>"; };
		F87DF0C01910465F009B2121 /* MRViewController.m */ = {isa = PBXFileReference; lastKnownFileType = sourcecode.c.objc; path = MRViewController.m; sourceTree = "<group>"; };
		F87DF0C21910465F009B2121 /* Images.xcassets */ = {isa = PBXFileReference; lastKnownFileType = folder.assetcatalog; path = Images.xcassets; sourceTree = "<group>"; };
		F87DF0C81910465F009B2121 /* Git TestTests.xctest */ = {isa = PBXFileReference; explicitFileType = wrapper.cfbundle; includeInIndex = 0; path = "Git TestTests.xctest"; sourceTree = BUILT_PRODUCTS_DIR; };
		F87DF0C91910465F009B2121 /* XCTest.framework */ = {isa = PBXFileReference; lastKnownFileType = wrapper.framework; name = XCTest.framework; path = Library/Frameworks/XCTest.framework; sourceTree = DEVELOPER_DIR; };
		F87DF0D11910465F009B2121 /* Git TestTests-Info.plist */ = {isa = PBXFileReference; lastKnownFileType = text.plist.xml; path = "Git TestTests-Info.plist"; sourceTree = "<group>"; };
		F87DF0D31910465F009B2121 /* en */ = {isa = PBXFileReference; lastKnownFileType = text.plist.strings; name = en; path = en.lproj/InfoPlist.strings; sourceTree = "<group>"; };
		F87DF0D51910465F009B2121 /* Git_TestTests.m */ = {isa = PBXFileReference; lastKnownFileType = sourcecode.c.objc; path = Git_TestTests.m; sourceTree = "<group>"; };
/* End PBXFileReference section */

/* Begin PBXFrameworksBuildPhase section */
		F87DF0A41910465F009B2121 /* Frameworks */ = {
			isa = PBXFrameworksBuildPhase;
			buildActionMask = 2147483647;
			files = (
				F87DF0AD1910465F009B2121 /* CoreGraphics.framework in Frameworks */,
				F87DF0AF1910465F009B2121 /* UIKit.framework in Frameworks */,
				F87DF0AB1910465F009B2121 /* Foundation.framework in Frameworks */,
			);
			runOnlyForDeploymentPostprocessing = 0;
		};
		F87DF0C51910465F009B2121 /* Frameworks */ = {
			isa = PBXFrameworksBuildPhase;
			buildActionMask = 2147483647;
			files = (
				F87DF0CA1910465F009B2121 /* XCTest.framework in Frameworks */,
				F87DF0CC1910465F009B2121 /* UIKit.framework in Frameworks */,
				F87DF0CB1910465F009B2121 /* Foundation.framework in Frameworks */,
			);
			runOnlyForDeploymentPostprocessing = 0;
		};
/* End PBXFrameworksBuildPhase section */

/* Begin PBXGroup section */
		F87DF09E1910465F009B2121 = {
			isa = PBXGroup;
			children = (
				F87DF0B01910465F009B2121 /* Git Test */,
				F87DF0CF1910465F009B2121 /* Git TestTests */,
				F87DF0A91910465F009B2121 /* Frameworks */,
				F87DF0A81910465F009B2121 /* Products */,
			);
			sourceTree = "<group>";
		};
		F87DF0A81910465F009B2121 /* Products */ = {
			isa = PBXGroup;
			children = (
				F87DF0A71910465F009B2121 /* Git Test.app */,
				F87DF0C81910465F009B2121 /* Git TestTests.xctest */,
			);
			name = Products;
			sourceTree = "<group>";
		};
		F87DF0A91910465F009B2121 /* Frameworks */ = {
			isa = PBXGroup;
			children = (
				F87DF0AA1910465F009B2121 /* Foundation.framework */,
				F87DF0AC1910465F009B2121 /* CoreGraphics.framework */,
				F87DF0AE1910465F009B2121 /* UIKit.framework */,
				F87DF0C91910465F009B2121 /* XCTest.framework */,
			);
			name = Frameworks;
			sourceTree = "<group>";
		};
		F87DF0B01910465F009B2121 /* Git Test */ = {
			isa = PBXGroup;
			children = (
				F87DF0B91910465F009B2121 /* MRAppDelegate.h */,
				F87DF0BA1910465F009B2121 /* MRAppDelegate.m */,
				F87DF0BC1910465F009B2121 /* Main.storyboard */,
				F87DF0BF1910465F009B2121 /* MRViewController.h */,
				F87DF0C01910465F009B2121 /* MRViewController.m */,
				F87DF0C21910465F009B2121 /* Images.xcassets */,
				F87DF0B11910465F009B2121 /* Supporting Files */,
			);
			path = "Git Test";
			sourceTree = "<group>";
		};
		F87DF0B11910465F009B2121 /* Supporting Files */ = {
			isa = PBXGroup;
			children = (
				F87DF0B21910465F009B2121 /* Git Test-Info.plist */,
				F87DF0B31910465F009B2121 /* InfoPlist.strings */,
				F87DF0B61910465F009B2121 /* main.m */,
				F87DF0B81910465F009B2121 /* Git Test-Prefix.pch */,
			);
			name = "Supporting Files";
			sourceTree = "<group>";
		};
		F87DF0CF1910465F009B2121 /* Git TestTests */ = {
			isa = PBXGroup;
			children = (
				F87DF0D51910465F009B2121 /* Git_TestTests.m */,
				F87DF0D01910465F009B2121 /* Supporting Files */,
			);
			path = "Git TestTests";
			sourceTree = "<group>";
		};
		F87DF0D01910465F009B2121 /* Supporting Files */ = {
			isa = PBXGroup;
			children = (
				F87DF0D11910465F009B2121 /* Git TestTests-Info.plist */,
				F87DF0D21910465F009B2121 /* InfoPlist.strings */,
			);
			name = "Supporting Files";
			sourceTree = "<group>";
		};
/* End PBXGroup section */

/* Begin PBXNativeTarget section */
		F87DF0A61910465F009B2121 /* Git Test */ = {
			isa = PBXNativeTarget;
			buildConfigurationList = F87DF0D91910465F009B2121 /* Build configuration list for PBXNativeTarget "Git Test" */;
			buildPhases = (
				F87DF0A31910465F009B2121 /* Sources */,
				F87DF0A41910465F009B2121 /* Frameworks */,
				F87DF0A51910465F009B2121 /* Resources */,
			);
			buildRules = (
			);
			dependencies = (
			);
			name = "Git Test";
			productName = "Git Test";
			productReference = F87DF0A71910465F009B2121 /* Git Test.app */;
			productType = "com.apple.product-type.application";
		};
		F87DF0C71910465F009B2121 /* Git TestTests */ = {
			isa = PBXNativeTarget;
			buildConfigurationList = F87DF0DC1910465F009B2121 /* Build configuration list for PBXNativeTarget "Git TestTests" */;
			buildPhases = (
				F87DF0C41910465F009B2121 /* Sources */,
				F87DF0C51910465F009B2121 /* Frameworks */,
				F87DF0C61910465F009B2121 /* Resources */,
			);
			buildRules = (
			);
			dependencies = (
				F87DF0CE1910465F009B2121 /* PBXTargetDependency */,
			);
			name = "Git TestTests";
			productName = "Git TestTests";
			productReference = F87DF0C81910465F009B2121 /* Git TestTests.xctest */;
			productType = "com.apple.product-type.bundle.unit-test";
		};
/* End PBXNativeTarget section */

/* Begin PBXProject section */
		F87DF09F1910465F009B2121 /* Project object */ = {
			isa = PBXProject;
			attributes = {
				CLASSPREFIX = MR;
				LastUpgradeCheck = 0510;
				ORGANIZATIONNAME = "Mark Rocks Software";
				TargetAttributes = {
					F87DF0C71910465F009B2121 = {
						TestTargetID = F87DF0A61910465F009B2121;
					};
				};
			};
			buildConfigurationList = F87DF0A21910465F009B2121 /* Build configuration list for PBXProject "Git Test" */;
			compatibilityVersion = "Xcode 3.2";
			developmentRegion = English;
			hasScannedForEncodings = 0;
			knownRegions = (
				en,
				Base,
			);
			mainGroup = F87DF09E1910465F009B2121;
			productRefGroup = F87DF0A81910465F009B2121 /* Products */;
			projectDirPath = "";
			projectRoot = "";
			targets = (
				F87DF0A61910465F009B2121 /* Git Test */,
				F87DF0C71910465F009B2121 /* Git TestTests */,
			);
		};
/* End PBXProject section */

/* Begin PBXResourcesBuildPhase section */
		F87DF0A51910465F009B2121 /* Resources */ = {
			isa = PBXResourcesBuildPhase;
			buildActionMask = 2147483647;
			files = (
				F87DF0C31910465F009B2121 /* Images.xcassets in Resources */,
				F87DF0B51910465F009B2121 /* InfoPlist.strings in Resources */,
				F87DF0BE1910465F009B2121 /* Main.storyboard in Resources */,
			);
			runOnlyForDeploymentPostprocessing = 0;
		};
		F87DF0C61910465F009B2121 /* Resources */ = {
			isa = PBXResourcesBuildPhase;
			buildActionMask = 2147483647;
			files = (
				F87DF0D41910465F009B2121 /* InfoPlist.strings in Resources */,
			);
			runOnlyForDeploymentPostprocessing = 0;
		};
/* End PBXResourcesBuildPhase section */

/* Begin PBXSourcesBuildPhase section */
		F87DF0A31910465F009B2121 /* Sources */ = {
			isa = PBXSourcesBuildPhase;
			buildActionMask = 2147483647;
			files = (
				F87DF0B71910465F009B2121 /* main.m in Sources */,
				F87DF0C11910465F009B2121 /* MRViewController.m in Sources */,
				F87DF0BB1910465F009B2121 /* MRAppDelegate.m in Sources */,
			);
			runOnlyForDeploymentPostprocessing = 0;
		};
		F87DF0C41910465F009B2121 /* Sources */ = {
			isa = PBXSourcesBuildPhase;
			buildActionMask = 2147483647;
			files = (
				F87DF0D61910465F009B2121 /* Git_TestTests.m in Sources */,
			);
			runOnlyForDeploymentPostprocessing = 0;
		};
/* End PBXSourcesBuildPhase section */

/* Begin PBXTargetDependency section */
		F87DF0CE1910465F009B2121 /* PBXTargetDependency */ = {
			isa = PBXTargetDependency;
			target = F87DF0A61910465F009B2121 /* Git Test */;
			targetProxy = F87DF0CD1910465F009B2121 /* PBXContainerItemProxy */;
		};
/* End PBXTargetDependency section */

/* Begin PBXVariantGroup section */
		F87DF0B31910465F009B2121 /* InfoPlist.strings */ = {
			isa = PBXVariantGroup;
			children = (
				F87DF0B41910465F009B2121 /* en */,
			);
			name = InfoPlist.strings;
			sourceTree = "<group>";
		};
		F87DF0BC1910465F009B2121 /* Main.storyboard */ = {
			isa = PBXVariantGroup;
			children = (
				F87DF0BD1910465F009B2121 /* Base */,
			);
			name = Main.storyboard;
			sourceTree = "<group>";
		};
		F87DF0D21910465F009B2121 /* InfoPlist.strings */ = {
			isa = PBXVariantGroup;
			children = (
				F87DF0D31910465F009B2121 /* en */,
			);
			name = InfoPlist.strings;
			sourceTree = "<group>";
		};
/* End PBXVariantGroup section */

/* Begin XCBuildConfiguration section */
		F87DF0D71910465F009B2121 /* Debug */ = {
			isa = XCBuildConfiguration;
			buildSettings = {
				ALWAYS_SEARCH_USER_PATHS = NO;
				CLANG_CXX_LANGUAGE_STANDARD = "gnu++0x";
				CLANG_CXX_LIBRARY = "libc++";
				CLANG_ENABLE_MODULES = YES;
				CLANG_ENABLE_OBJC_ARC = YES;
				CLANG_WARN_BOOL_CONVERSION = YES;
				CLANG_WARN_CONSTANT_CONVERSION = YES;
				CLANG_WARN_DIRECT_OBJC_ISA_USAGE = YES_ERROR;
				CLANG_WARN_EMPTY_BODY = YES;
				CLANG_WARN_ENUM_CONVERSION = YES;
				CLANG_WARN_INT_CONVERSION = YES;
				CLANG_WARN_OBJC_ROOT_CLASS = YES_ERROR;
				CLANG_WARN__DUPLICATE_METHOD_MATCH = YES;
				"CODE_SIGN_IDENTITY[sdk=iphoneos*]" = "iPhone Developer";
				COPY_PHASE_STRIP = NO;
				GCC_C_LANGUAGE_STANDARD = gnu99;
				GCC_DYNAMIC_NO_PIC = NO;
				GCC_OPTIMIZATION_LEVEL = 0;
				GCC_PREPROCESSOR_DEFINITIONS = (
					"DEBUG=1",
					"$(inherited)",
				);
				GCC_SYMBOLS_PRIVATE_EXTERN = NO;
				GCC_WARN_64_TO_32_BIT_CONVERSION = YES;
				GCC_WARN_ABOUT_RETURN_TYPE = YES_ERROR;
				GCC_WARN_UNDECLARED_SELECTOR = YES;
				GCC_WARN_UNINITIALIZED_AUTOS = YES_AGGRESSIVE;
				GCC_WARN_UNUSED_FUNCTION = YES;
				GCC_WARN_UNUSED_VARIABLE = YES;
				IPHONEOS_DEPLOYMENT_TARGET = 7.1;
				ONLY_ACTIVE_ARCH = YES;
				SDKROOT = iphoneos;
			};
			name = Debug;
		};
		F87DF0D81910465F009B2121 /* Release */ = {
			isa = XCBuildConfiguration;
			buildSettings = {
				ALWAYS_SEARCH_USER_PATHS = NO;
				CLANG_CXX_LANGUAGE_STANDARD = "gnu++0x";
				CLANG_CXX_LIBRARY = "libc++";
				CLANG_ENABLE_MODULES = YES;
				CLANG_ENABLE_OBJC_ARC = YES;
				CLANG_WARN_BOOL_CONVERSION = YES;
				CLANG_WARN_CONSTANT_CONVERSION = YES;
				CLANG_WARN_DIRECT_OBJC_ISA_USAGE = YES_ERROR;
				CLANG_WARN_EMPTY_BODY = YES;
				CLANG_WARN_ENUM_CONVERSION = YES;
				CLANG_WARN_INT_CONVERSION = YES;
				CLANG_WARN_OBJC_ROOT_CLASS = YES_ERROR;
				CLANG_WARN__DUPLICATE_METHOD_MATCH = YES;
				"CODE_SIGN_IDENTITY[sdk=iphoneos*]" = "iPhone Developer";
				COPY_PHASE_STRIP = YES;
				ENABLE_NS_ASSERTIONS = NO;
				GCC_C_LANGUAGE_STANDARD = gnu99;
				GCC_WARN_64_TO_32_BIT_CONVERSION = YES;
				GCC_WARN_ABOUT_RETURN_TYPE = YES_ERROR;
				GCC_WARN_UNDECLARED_SELECTOR = YES;
				GCC_WARN_UNINITIALIZED_AUTOS = YES_AGGRESSIVE;
				GCC_WARN_UNUSED_FUNCTION = YES;
				GCC_WARN_UNUSED_VARIABLE = YES;
				IPHONEOS_DEPLOYMENT_TARGET = 7.1;
				SDKROOT = iphoneos;
				VALIDATE_PRODUCT = YES;
			};
			name = Release;
		};
		F87DF0DA1910465F009B2121 /* Debug */ = {
			isa = XCBuildConfiguration;
			buildSettings = {
				ASSETCATALOG_COMPILER_APPICON_NAME = AppIcon;
				ASSETCATALOG_COMPILER_LAUNCHIMAGE_NAME = LaunchImage;
				GCC_PRECOMPILE_PREFIX_HEADER = YES;
				GCC_PREFIX_HEADER = "Git Test/Git Test-Prefix.pch";
				INFOPLIST_FILE = "Git Test/Git Test-Info.plist";
				PRODUCT_NAME = "$(TARGET_NAME)";
				WRAPPER_EXTENSION = app;
			};
			name = Debug;
		};
		F87DF0DB1910465F009B2121 /* Release */ = {
			isa = XCBuildConfiguration;
			buildSettings = {
				ASSETCATALOG_COMPILER_APPICON_NAME = AppIcon;
				ASSETCATALOG_COMPILER_LAUNCHIMAGE_NAME = LaunchImage;
				GCC_PRECOMPILE_PREFIX_HEADER = YES;
				GCC_PREFIX_HEADER = "Git Test/Git Test-Prefix.pch";
				INFOPLIST_FILE = "Git Test/Git Test-Info.plist";
				PRODUCT_NAME = "$(TARGET_NAME)";
				WRAPPER_EXTENSION = app;
			};
			name = Release;
		};
		F87DF0DD1910465F009B2121 /* Debug */ = {
			isa = XCBuildConfiguration;
			buildSettings = {
				BUNDLE_LOADER = "$(BUILT_PRODUCTS_DIR)/Git Test.app/Git Test";
				FRAMEWORK_SEARCH_PATHS = (
					"$(SDKROOT)/Developer/Library/Frameworks",
					"$(inherited)",
					"$(DEVELOPER_FRAMEWORKS_DIR)",
				);
				GCC_PRECOMPILE_PREFIX_HEADER = YES;
				GCC_PREFIX_HEADER = "Git Test/Git Test-Prefix.pch";
				GCC_PREPROCESSOR_DEFINITIONS = (
					"DEBUG=1",
					"$(inherited)",
				);
				INFOPLIST_FILE = "Git TestTests/Git TestTests-Info.plist";
				PRODUCT_NAME = "$(TARGET_NAME)";
				TEST_HOST = "$(BUNDLE_LOADER)";
				WRAPPER_EXTENSION = xctest;
			};
			name = Debug;
		};
		F87DF0DE1910465F009B2121 /* Release */ = {
			isa = XCBuildConfiguration;
			buildSettings = {
				BUNDLE_LOADER = "$(BUILT_PRODUCTS_DIR)/Git Test.app/Git Test";
				FRAMEWORK_SEARCH_PATHS = (
					"$(SDKROOT)/Developer/Library/Frameworks",
					"$(inherited)",
					"$(DEVELOPER_FRAMEWORKS_DIR)",
				);
				GCC_PRECOMPILE_PREFIX_HEADER = YES;
				GCC_PREFIX_HEADER = "Git Test/Git Test-Prefix.pch";
				INFOPLIST_FILE = "Git TestTests/Git TestTests-Info.plist";
				PRODUCT_NAME = "$(TARGET_NAME)";
				TEST_HOST = "$(BUNDLE_LOADER)";
				WRAPPER_EXTENSION = xctest;
			};
			name = Release;
		};
/* End XCBuildConfiguration section */

/* Begin XCConfigurationList section */
		F87DF0A21910465F009B2121 /* Build configuration list for PBXProject "Git Test" */ = {
			isa = XCConfigurationList;
			buildConfigurations = (
				F87DF0D71910465F009B2121 /* Debug */,
				F87DF0D81910465F009B2121 /* Release */,
			);
			defaultConfigurationIsVisible = 0;
			defaultConfigurationName = Release;
		};
		F87DF0D91910465F009B2121 /* Build configuration list for PBXNativeTarget "Git Test" */ = {
			isa = XCConfigurationList;
			buildConfigurations = (
				F87DF0DA1910465F009B2121 /* Debug */,
				F87DF0DB1910465F009B2121 /* Release */,
			);
			defaultConfigurationIsVisible = 0;
		};
		F87DF0DC1910465F009B2121 /* Build configuration list for PBXNativeTarget "Git TestTests" */ = {
			isa = XCConfigurationList;
			buildConfigurations = (
				F87DF0DD1910465F009B2121 /* Debug */,
				F87DF0DE1910465F009B2121 /* Release */,
			);
			defaultConfigurationIsVisible = 0;
		};
/* End XCConfigurationList section */
	};
	rootObject = F87DF09F1910465F009B2121 /* Project object */;
}
